
Microsoft Visual Studio Solution File, Format Version 12.00
# Visual Studio Version 17
VisualStudioVersion = 17.5.33627.172
MinimumVisualStudioVersion = 10.0.40219.1
Project("{FAE04EC0-301F-11D3-BF4B-00C04F79EFBC}") = "ml-classification-tool", "dss-project1\ml-classification-tool.csproj", "{2BD6C732-A487-46DA-B62E-709918FE97FC}"
EndProject
Global
	GlobalSection(SolutionConfigurationPlatforms) = preSolution
		Debug|Any CPU = Debug|Any CPU
		Release|Any CPU = Release|Any CPU
	EndGlobalSection
	GlobalSection(ProjectConfigurationPlatforms) = postSolution
		{2BD6C732-A487-46DA-B62E-709918FE97FC}.Debug|Any CPU.ActiveCfg = Debug|Any CPU
		{2BD6C732-A487-46DA-B62E-709918FE97FC}.Debug|Any CPU.Build.0 = Debug|Any CPU
		{2BD6C732-A487-46DA-B62E-709918FE97FC}.Release|Any CPU.ActiveCfg = Release|Any CPU
		{2BD6C732-A487-46DA-B62E-709918FE97FC}.Release|Any CPU.Build.0 = Release|Any CPU
	EndGlobalSection
	GlobalSection(SolutionProperties) = preSolution
		HideSolutionNode = FALSE
	EndGlobalSection
	GlobalSection(ExtensibilityGlobals) = postSolution
		SolutionGuid = {A317EDAD-B34D-45E7-845B-CA2AFDA6F92D}
	EndGlobalSection
EndGlobal
